// !$*UTF8*$!
{
	archiveVersion = 1;
	classes = {
	};
	objectVersion = 48;
	objects = {

/* Begin PBXBuildFile section */
		3F5144D61F4F285700B5F4C6 /* test2.jpg in Resources */ = {isa = PBXBuildFile; fileRef = 3F5144D41F4F285700B5F4C6 /* test2.jpg */; };
		3F5144D71F4F285700B5F4C6 /* test.jpg in Resources */ = {isa = PBXBuildFile; fileRef = 3F5144D51F4F285700B5F4C6 /* test.jpg */; };
		3FB0E61D1F344BCE00014AD0 /* AppDelegate.swift in Sources */ = {isa = PBXBuildFile; fileRef = 3FB0E61C1F344BCE00014AD0 /* AppDelegate.swift */; };
		3FB0E61F1F344BCE00014AD0 /* ViewController.swift in Sources */ = {isa = PBXBuildFile; fileRef = 3FB0E61E1F344BCE00014AD0 /* ViewController.swift */; };
		3FB0E6221F344BCE00014AD0 /* Main.storyboard in Resources */ = {isa = PBXBuildFile; fileRef = 3FB0E6201F344BCE00014AD0 /* Main.storyboard */; };
		3FB0E6241F344BCE00014AD0 /* Assets.xcassets in Resources */ = {isa = PBXBuildFile; fileRef = 3FB0E6231F344BCE00014AD0 /* Assets.xcassets */; };
		3FB0E6271F344BCE00014AD0 /* LaunchScreen.storyboard in Resources */ = {isa = PBXBuildFile; fileRef = 3FB0E6251F344BCE00014AD0 /* LaunchScreen.storyboard */; };
		3FDD80531F46F0EF00709703 /* SecondVC.swift in Sources */ = {isa = PBXBuildFile; fileRef = 3FDD80521F46F0EF00709703 /* SecondVC.swift */; };
		3FF7B8481F4E7C7F00BC1B97 /* UIImage+Extension.swift in Sources */ = {isa = PBXBuildFile; fileRef = 3FF7B8471F4E7C7F00BC1B97 /* UIImage+Extension.swift */; };
		3FF7B84C1F4EB49500BC1B97 /* ThirdVC.swift in Sources */ = {isa = PBXBuildFile; fileRef = 3FF7B84B1F4EB49500BC1B97 /* ThirdVC.swift */; };
/* End PBXBuildFile section */

/* Begin PBXFileReference section */
		3F5144D41F4F285700B5F4C6 /* test2.jpg */ = {isa = PBXFileReference; lastKnownFileType = image.jpeg; name = test2.jpg; path = ../../../../../Downloads/test2.jpg; sourceTree = "<group>"; };
		3F5144D51F4F285700B5F4C6 /* test.jpg */ = {isa = PBXFileReference; lastKnownFileType = image.jpeg; name = test.jpg; path = ../../../../../Downloads/test.jpg; sourceTree = "<group>"; };
		3FB0E6191F344BCE00014AD0 /* HideNavigationBarDemo.app */ = {isa = PBXFileReference; explicitFileType = wrapper.application; includeInIndex = 0; path = HideNavigationBarDemo.app; sourceTree = BUILT_PRODUCTS_DIR; };
		3FB0E61C1F344BCE00014AD0 /* AppDelegate.swift */ = {isa = PBXFileReference; lastKnownFileType = sourcecode.swift; path = AppDelegate.swift; sourceTree = "<group>"; };
		3FB0E61E1F344BCE00014AD0 /* ViewController.swift */ = {isa = PBXFileReference; lastKnownFileType = sourcecode.swift; path = ViewController.swift; sourceTree = "<group>"; };
		3FB0E6211F344BCE00014AD0 /* Base */ = {isa = PBXFileReference; lastKnownFileType = file.storyboard; name = Base; path = Base.lproj/Main.storyboard; sourceTree = "<group>"; };
		3FB0E6231F344BCE00014AD0 /* Assets.xcassets */ = {isa = PBXFileReference; lastKnownFileType = folder.assetcatalog; path = Assets.xcassets; sourceTree = "<group>"; };
		3FB0E6261F344BCE00014AD0 /* Base */ = {isa = PBXFileReference; lastKnownFileType = file.storyboard; name = Base; path = Base.lproj/LaunchScreen.storyboard; sourceTree = "<group>"; };
		3FB0E6281F344BCE00014AD0 /* Info.plist */ = {isa = PBXFileReference; lastKnownFileType = text.plist.xml; path = Info.plist; sourceTree = "<group>"; };
		3FDD80521F46F0EF00709703 /* SecondVC.swift */ = {isa = PBXFileReference; lastKnownFileType = sourcecode.swift; path = SecondVC.swift; sourceTree = "<group>"; };
		3FF7B8471F4E7C7F00BC1B97 /* UIImage+Extension.swift */ = {isa = PBXFileReference; lastKnownFileType = sourcecode.swift; path = "UIImage+Extension.swift"; sourceTree = "<group>"; };
		3FF7B84B1F4EB49500BC1B97 /* ThirdVC.swift */ = {isa = PBXFileReference; lastKnownFileType = sourcecode.swift; path = ThirdVC.swift; sourceTree = "<group>"; };
/* End PBXFileReference section */

/* Begin PBXFrameworksBuildPhase section */
		3FB0E6161F344BCE00014AD0 /* Frameworks */ = {
			isa = PBXFrameworksBuildPhase;
			buildActionMask = 2147483647;
			files = (
			);
			runOnlyForDeploymentPostprocessing = 0;
		};
/* End PBXFrameworksBuildPhase section */

/* Begin PBXGroup section */
		3FB0E6101F344BCE00014AD0 = {
			isa = PBXGroup;
			children = (
				3FB0E61B1F344BCE00014AD0 /* HideNavigationBarDemo */,
				3FB0E61A1F344BCE00014AD0 /* Products */,
			);
			sourceTree = "<group>";
		};
		3FB0E61A1F344BCE00014AD0 /* Products */ = {
			isa = PBXGroup;
			children = (
				3FB0E6191F344BCE00014AD0 /* HideNavigationBarDemo.app */,
			);
			name = Products;
			sourceTree = "<group>";
		};
		3FB0E61B1F344BCE00014AD0 /* HideNavigationBarDemo */ = {
			isa = PBXGroup;
			children = (
				3F5144D51F4F285700B5F4C6 /* test.jpg */,
				3F5144D41F4F285700B5F4C6 /* test2.jpg */,
				3FB0E61C1F344BCE00014AD0 /* AppDelegate.swift */,
				3FB0E61E1F344BCE00014AD0 /* ViewController.swift */,
				3FB0E6201F344BCE00014AD0 /* Main.storyboard */,
				3FB0E6231F344BCE00014AD0 /* Assets.xcassets */,
				3FB0E6251F344BCE00014AD0 /* LaunchScreen.storyboard */,
				3FB0E6281F344BCE00014AD0 /* Info.plist */,
				3FDD80521F46F0EF00709703 /* SecondVC.swift */,
				3FF7B8471F4E7C7F00BC1B97 /* UIImage+Extension.swift */,
				3FF7B84B1F4EB49500BC1B97 /* ThirdVC.swift */,
			);
			path = HideNavigationBarDemo;
			sourceTree = "<group>";
		};
/* End PBXGroup section */

/* Begin PBXNativeTarget section */
		3FB0E6181F344BCE00014AD0 /* HideNavigationBarDemo */ = {
			isa = PBXNativeTarget;
			buildConfigurationList = 3FB0E62B1F344BCE00014AD0 /* Build configuration list for PBXNativeTarget "HideNavigationBarDemo" */;
			buildPhases = (
				3FB0E6151F344BCE00014AD0 /* Sources */,
				3FB0E6161F344BCE00014AD0 /* Frameworks */,
				3FB0E6171F344BCE00014AD0 /* Resources */,
			);
			buildRules = (
			);
			dependencies = (
			);
			name = HideNavigationBarDemo;
			productName = HideNavigationBarDemo;
			productReference = 3FB0E6191F344BCE00014AD0 /* HideNavigationBarDemo.app */;
			productType = "com.apple.product-type.application";
		};
/* End PBXNativeTarget section */

/* Begin PBXProject section */
		3FB0E6111F344BCE00014AD0 /* Project object */ = {
			isa = PBXProject;
			attributes = {
				LastSwiftUpdateCheck = 0900;
				LastUpgradeCheck = 0900;
				ORGANIZATIONNAME = "也许、";
				TargetAttributes = {
					3FB0E6181F344BCE00014AD0 = {
						CreatedOnToolsVersion = 9.0;
					};
				};
			};
			buildConfigurationList = 3FB0E6141F344BCE00014AD0 /* Build configuration list for PBXProject "HideNavigationBarDemo" */;
			compatibilityVersion = "Xcode 8.0";
			developmentRegion = en;
			hasScannedForEncodings = 0;
			knownRegions = (
				en,
				Base,
			);
			mainGroup = 3FB0E6101F344BCE00014AD0;
			productRefGroup = 3FB0E61A1F344BCE00014AD0 /* Products */;
			projectDirPath = "";
			projectRoot = "";
			targets = (
				3FB0E6181F344BCE00014AD0 /* HideNavigationBarDemo */,
			);
		};
/* End PBXProject section */

/* Begin PBXResourcesBuildPhase section */
		3FB0E6171F344BCE00014AD0 /* Resources */ = {
			isa = PBXResourcesBuildPhase;
			buildActionMask = 2147483647;
			files = (
				3FB0E6271F344BCE00014AD0 /* LaunchScreen.storyboard in Resources */,
				3F5144D71F4F285700B5F4C6 /* test.jpg in Resources */,
				3FB0E6241F344BCE00014AD0 /* Assets.xcassets in Resources */,
				3F5144D61F4F285700B5F4C6 /* test2.jpg in Resources */,
				3FB0E6221F344BCE00014AD0 /* Main.storyboard in Resources */,
			);
			runOnlyForDeploymentPostprocessing = 0;
		};
/* End PBXResourcesBuildPhase section */

/* Begin PBXSourcesBuildPhase section */
		3FB0E6151F344BCE00014AD0 /* Sources */ = {
			isa = PBXSourcesBuildPhase;
			buildActionMask = 2147483647;
			files = (
				3FB0E61F1F344BCE00014AD0 /* ViewController.swift in Sources */,
				3FDD80531F46F0EF00709703 /* SecondVC.swift in Sources */,
				3FB0E61D1F344BCE00014AD0 /* AppDelegate.swift in Sources */,
				3FF7B8481F4E7C7F00BC1B97 /* UIImage+Extension.swift in Sources */,
				3FF7B84C1F4EB49500BC1B97 /* ThirdVC.swift in Sources */,
			);
			runOnlyForDeploymentPostprocessing = 0;
		};
/* End PBXSourcesBuildPhase section */

/* Begin PBXVariantGroup section */
		3FB0E6201F344BCE00014AD0 /* Main.storyboard */ = {
			isa = PBXVariantGroup;
			children = (
				3FB0E6211F344BCE00014AD0 /* Base */,
			);
			name = Main.storyboard;
			sourceTree = "<group>";
		};
		3FB0E6251F344BCE00014AD0 /* LaunchScreen.storyboard */ = {
			isa = PBXVariantGroup;
			children = (
				3FB0E6261F344BCE00014AD0 /* Base */,
			);
			name = LaunchScreen.storyboard;
			sourceTree = "<group>";
		};
/* End PBXVariantGroup section */

/* Begin XCBuildConfiguration section */
		3FB0E6291F344BCE00014AD0 /* Debug */ = {
			isa = XCBuildConfiguration;
			buildSettings = {
				ALWAYS_SEARCH_USER_PATHS = NO;
				CLANG_ANALYZER_NONNULL = YES;
				CLANG_ANALYZER_NUMBER_OBJECT_CONVERSION = YES_AGGRESSIVE;
				CLANG_CXX_LANGUAGE_STANDARD = "gnu++14";
				CLANG_CXX_LIBRARY = "libc++";
				CLANG_ENABLE_MODULES = YES;
				CLANG_ENABLE_OBJC_ARC = YES;
				CLANG_WARN_BLOCK_CAPTURE_AUTORELEASING = YES;
				CLANG_WARN_BOOL_CONVERSION = YES;
				CLANG_WARN_COMMA = YES;
				CLANG_WARN_CONSTANT_CONVERSION = YES;
				CLANG_WARN_DIRECT_OBJC_ISA_USAGE = YES_ERROR;
				CLANG_WARN_DOCUMENTATION_COMMENTS = YES;
				CLANG_WARN_EMPTY_BODY = YES;
				CLANG_WARN_ENUM_CONVERSION = YES;
				CLANG_WARN_INFINITE_RECURSION = YES;
				CLANG_WARN_INT_CONVERSION = YES;
				CLANG_WARN_OBJC_ROOT_CLASS = YES_ERROR;
				CLANG_WARN_RANGE_LOOP_ANALYSIS = YES;
				CLANG_WARN_STRICT_PROTOTYPES = YES;
				CLANG_WARN_SUSPICIOUS_MOVE = YES;
				CLANG_WARN_UNGUARDED_AVAILABILITY = YES_AGGRESSIVE;
				CLANG_WARN_UNREACHABLE_CODE = YES;
				CLANG_WARN__DUPLICATE_METHOD_MATCH = YES;
				CODE_SIGN_IDENTITY = "iPhone Developer";
				COPY_PHASE_STRIP = NO;
				DEBUG_INFORMATION_FORMAT = dwarf;
				ENABLE_STRICT_OBJC_MSGSEND = YES;
				ENABLE_TESTABILITY = YES;
				GCC_C_LANGUAGE_STANDARD = gnu11;
				GCC_DYNAMIC_NO_PIC = NO;
				GCC_NO_COMMON_BLOCKS = YES;
				GCC_OPTIMIZATION_LEVEL = 0;
				GCC_PREPROCESSOR_DEFINITIONS = (
					"DEBUG=1",
					"$(inherited)",
				);
				GCC_WARN_64_TO_32_BIT_CONVERSION = YES;
				GCC_WARN_ABOUT_RETURN_TYPE = YES_ERROR;
				GCC_WARN_UNDECLARED_SELECTOR = YES;
				GCC_WARN_UNINITIALIZED_AUTOS = YES_AGGRESSIVE;
				GCC_WARN_UNUSED_FUNCTION = YES;
				GCC_WARN_UNUSED_VARIABLE = YES;
				IPHONEOS_DEPLOYMENT_TARGET = 11.0;
				MTL_ENABLE_DEBUG_INFO = YES;
				ONLY_ACTIVE_ARCH = YES;
				SDKROOT = iphoneos;
				SWIFT_ACTIVE_COMPILATION_CONDITIONS = DEBUG;
				SWIFT_OPTIMIZATION_LEVEL = "-Onone";
			};
			name = Debug;
		};
		3FB0E62A1F344BCE00014AD0 /* Release */ = {
			isa = XCBuildConfiguration;
			buildSettings = {
				ALWAYS_SEARCH_USER_PATHS = NO;
				CLANG_ANALYZER_NONNULL = YES;
				CLANG_ANALYZER_NUMBER_OBJECT_CONVERSION = YES_AGGRESSIVE;
				CLANG_CXX_LANGUAGE_STANDARD = "gnu++14";
				CLANG_CXX_LIBRARY = "libc++";
				CLANG_ENABLE_MODULES = YES;
				CLANG_ENABLE_OBJC_ARC = YES;
				CLANG_WARN_BLOCK_CAPTURE_AUTORELEASING = YES;
				CLANG_WARN_BOOL_CONVERSION = YES;
				CLANG_WARN_COMMA = YES;
				CLANG_WARN_CONSTANT_CONVERSION = YES;
				CLANG_WARN_DIRECT_OBJC_ISA_USAGE = YES_ERROR;
				CLANG_WARN_DOCUMENTATION_COMMENTS = YES;
				CLANG_WARN_EMPTY_BODY = YES;
				CLANG_WARN_ENUM_CONVERSION = YES;
				CLANG_WARN_INFINITE_RECURSION = YES;
				CLANG_WARN_INT_CONVERSION = YES;
				CLANG_WARN_OBJC_ROOT_CLASS = YES_ERROR;
				CLANG_WARN_RANGE_LOOP_ANALYSIS = YES;
				CLANG_WARN_STRICT_PROTOTYPES = YES;
				CLANG_WARN_SUSPICIOUS_MOVE = YES;
				CLANG_WARN_UNGUARDED_AVAILABILITY = YES_AGGRESSIVE;
				CLANG_WARN_UNREACHABLE_CODE = YES;
				CLANG_WARN__DUPLICATE_METHOD_MATCH = YES;
				CODE_SIGN_IDENTITY = "iPhone Developer";
				COPY_PHASE_STRIP = NO;
				DEBUG_INFORMATION_FORMAT = "dwarf-with-dsym";
				ENABLE_NS_ASSERTIONS = NO;
				ENABLE_STRICT_OBJC_MSGSEND = YES;
				GCC_C_LANGUAGE_STANDARD = gnu11;
				GCC_NO_COMMON_BLOCKS = YES;
				GCC_WARN_64_TO_32_BIT_CONVERSION = YES;
				GCC_WARN_ABOUT_RETURN_TYPE = YES_ERROR;
				GCC_WARN_UNDECLARED_SELECTOR = YES;
				GCC_WARN_UNINITIALIZED_AUTOS = YES_AGGRESSIVE;
				GCC_WARN_UNUSED_FUNCTION = YES;
				GCC_WARN_UNUSED_VARIABLE = YES;
				IPHONEOS_DEPLOYMENT_TARGET = 11.0;
				MTL_ENABLE_DEBUG_INFO = NO;
				SDKROOT = iphoneos;
				SWIFT_OPTIMIZATION_LEVEL = "-Owholemodule";
				VALIDATE_PRODUCT = YES;
			};
			name = Release;
		};
		3FB0E62C1F344BCE00014AD0 /* Debug */ = {
			isa = XCBuildConfiguration;
			buildSettings = {
				ASSETCATALOG_COMPILER_APPICON_NAME = AppIcon;
				INFOPLIST_FILE = HideNavigationBarDemo/Info.plist;
				LD_RUNPATH_SEARCH_PATHS = "$(inherited) @executable_path/Frameworks";
				PRODUCT_BUNDLE_IDENTIFIER = com.k.HideNavigationBarDemo;
				PRODUCT_NAME = "$(TARGET_NAME)";
				SWIFT_VERSION = 4.0;
				TARGETED_DEVICE_FAMILY = "1,2";
			};
			name = Debug;
		};
		3FB0E62D1F344BCE00014AD0 /* Release */ = {
			isa = XCBuildConfiguration;
			buildSettings = {
				ASSETCATALOG_COMPILER_APPICON_NAME = AppIcon;
				INFOPLIST_FILE = HideNavigationBarDemo/Info.plist;
				LD_RUNPATH_SEARCH_PATHS = "$(inherited) @executable_path/Frameworks";
				PRODUCT_BUNDLE_IDENTIFIER = com.k.HideNavigationBarDemo;
				PRODUCT_NAME = "$(TARGET_NAME)";
				SWIFT_VERSION = 4.0;
				TARGETED_DEVICE_FAMILY = "1,2";
			};
			name = Release;
		};
/* End XCBuildConfiguration section */

/* Begin XCConfigurationList section */
		3FB0E6141F344BCE00014AD0 /* Build configuration list for PBXProject "HideNavigationBarDemo" */ = {
			isa = XCConfigurationList;
			buildConfigurations = (
				3FB0E6291F344BCE00014AD0 /* Debug */,
				3FB0E62A1F344BCE00014AD0 /* Release */,
			);
			defaultConfigurationIsVisible = 0;
			defaultConfigurationName = Release;
		};
		3FB0E62B1F344BCE00014AD0 /* Build configuration list for PBXNativeTarget "HideNavigationBarDemo" */ = {
			isa = XCConfigurationList;
			buildConfigurations = (
				3FB0E62C1F344BCE00014AD0 /* Debug */,
				3FB0E62D1F344BCE00014AD0 /* Release */,
			);
			defaultConfigurationIsVisible = 0;
			defaultConfigurationName = Release;
		};
/* End XCConfigurationList section */
	};
	rootObject = 3FB0E6111F344BCE00014AD0 /* Project object */;
}
